Microsoft Visual Studio Solution File, Format Version 12.00
# Visual Studio Version 17
VisualStudioVersion = 17.5.2.0
MinimumVisualStudioVersion = 10.0.40219.1
Project("{FAE04EC0-301F-11D3-BF4B-00C04F79EFBC}") = "FormRegistration", "FormRegistration.csproj", "{29C54501-443F-F79F-00A1-DBC541DEEE1B}"
EndProject
Global
	GlobalSection(SolutionConfigurationPlatforms) = preSolution
		Debug|Any CPU = Debug|Any CPU
		Release|Any CPU = Release|Any CPU
	EndGlobalSection
	GlobalSection(ProjectConfigurationPlatforms) = postSolution
		{29C54501-443F-F79F-00A1-DBC541DEEE1B}.Debug|Any CPU.ActiveCfg = Debug|Any CPU
		{29C54501-443F-F79F-00A1-DBC541DEEE1B}.Debug|Any CPU.Build.0 = Debug|Any CPU
		{29C54501-443F-F79F-00A1-DBC541DEEE1B}.Release|Any CPU.ActiveCfg = Release|Any CPU
		{29C54501-443F-F79F-00A1-DBC541DEEE1B}.Release|Any CPU.Build.0 = Release|Any CPU
	EndGlobalSection
	GlobalSection(SolutionProperties) = preSolution
		HideSolutionNode = FALSE
	EndGlobalSection
	GlobalSection(ExtensibilityGlobals) = postSolution
		SolutionGuid = {FBE97E6D-D254-4B1E-A220-EF7BC8302CA5}
	EndGlobalSection
EndGlobal
